
Microsoft Visual Studio Solution File, Format Version 12.00
# Visual Studio Version 16
VisualStudioVersion = 16.0.30717.126
MinimumVisualStudioVersion = 10.0.40219.1
Project("{FAE04EC0-301F-11D3-BF4B-00C04F79EFBC}") = "project2", "project2\project2.csproj", "{D2ACD812-7AF4-4F88-9462-841FA8327B5D}"
EndProject
Global
	GlobalSection(SolutionConfigurationPlatforms) = preSolution
		Debug|Any CPU = Debug|Any CPU
		Release|Any CPU = Release|Any CPU
	EndGlobalSection
	GlobalSection(ProjectConfigurationPlatforms) = postSolution
		{D2ACD812-7AF4-4F88-9462-841FA8327B5D}.Debug|Any CPU.ActiveCfg = Debug|Any CPU
		{D2ACD812-7AF4-4F88-9462-841FA8327B5D}.Debug|Any CPU.Build.0 = Debug|Any CPU
		{D2ACD812-7AF4-4F88-9462-841FA8327B5D}.Release|Any CPU.ActiveCfg = Release|Any CPU
		{D2ACD812-7AF4-4F88-9462-841FA8327B5D}.Release|Any CPU.Build.0 = Release|Any CPU
	EndGlobalSection
	GlobalSection(SolutionProperties) = preSolution
		HideSolutionNode = FALSE
	EndGlobalSection
	GlobalSection(ExtensibilityGlobals) = postSolution
		SolutionGuid = {013A623C-3EF9-44C1-B04E-67AC8120515F}
	EndGlobalSection
EndGlobal
